
Microsoft Visual Studio Solution File, Format Version 12.00
# Visual Studio Version 16
VisualStudioVersion = 16.0.31005.135
MinimumVisualStudioVersion = 10.0.40219.1
Project("{FAE04EC0-301F-11D3-BF4B-00C04F79EFBC}") = "Notificaciones.Api", "Notificaciones.Api\Notificaciones.Api.csproj", "{4C18F620-1EF5-4D0F-8868-B2498034473F}"
EndProject
Project("{FAE04EC0-301F-11D3-BF4B-00C04F79EFBC}") = "Notificaciones.SignalRHub", "Notificaciones.SignalRHub\Notificaciones.SignalRHub.csproj", "{530C271B-133D-4FD6-BF74-D56D08110566}"
EndProject
Project("{FAE04EC0-301F-11D3-BF4B-00C04F79EFBC}") = "ConsolaLector", "ConsolaLector\ConsolaLector.csproj", "{F2FCD48E-FB6C-419F-8517-F67ADEE940CF}"
EndProject
Global
	GlobalSection(SolutionConfigurationPlatforms) = preSolution
		Debug|Any CPU = Debug|Any CPU
		Release|Any CPU = Release|Any CPU
	EndGlobalSection
	GlobalSection(ProjectConfigurationPlatforms) = postSolution
		{4C18F620-1EF5-4D0F-8868-B2498034473F}.Debug|Any CPU.ActiveCfg = Debug|Any CPU
		{4C18F620-1EF5-4D0F-8868-B2498034473F}.Debug|Any CPU.Build.0 = Debug|Any CPU
		{4C18F620-1EF5-4D0F-8868-B2498034473F}.Release|Any CPU.ActiveCfg = Release|Any CPU
		{4C18F620-1EF5-4D0F-8868-B2498034473F}.Release|Any CPU.Build.0 = Release|Any CPU
		{530C271B-133D-4FD6-BF74-D56D08110566}.Debug|Any CPU.ActiveCfg = Debug|Any CPU
		{530C271B-133D-4FD6-BF74-D56D08110566}.Debug|Any CPU.Build.0 = Debug|Any CPU
		{530C271B-133D-4FD6-BF74-D56D08110566}.Release|Any CPU.ActiveCfg = Release|Any CPU
		{530C271B-133D-4FD6-BF74-D56D08110566}.Release|Any CPU.Build.0 = Release|Any CPU
		{F2FCD48E-FB6C-419F-8517-F67ADEE940CF}.Debug|Any CPU.ActiveCfg = Debug|Any CPU
		{F2FCD48E-FB6C-419F-8517-F67ADEE940CF}.Debug|Any CPU.Build.0 = Debug|Any CPU
		{F2FCD48E-FB6C-419F-8517-F67ADEE940CF}.Release|Any CPU.ActiveCfg = Release|Any CPU
		{F2FCD48E-FB6C-419F-8517-F67ADEE940CF}.Release|Any CPU.Build.0 = Release|Any CPU
	EndGlobalSection
	GlobalSection(SolutionProperties) = preSolution
		HideSolutionNode = FALSE
	EndGlobalSection
	GlobalSection(ExtensibilityGlobals) = postSolution
		SolutionGuid = {4A5062A8-1870-4EB2-9CC4-0FAA6E93590F}
	EndGlobalSection
EndGlobal
